
Microsoft Visual Studio Solution File, Format Version 12.00
# Visual Studio Version 17
VisualStudioVersion = 17.3.32929.385
MinimumVisualStudioVersion = 10.0.40219.1
Project("{FAE04EC0-301F-11D3-BF4B-00C04F79EFBC}") = "EduHome.App", "EduHome.App\EduHome.App.csproj", "{8E61E7A5-945B-4D6C-8E7A-7D6FDD8A8540}"
EndProject
Project("{FAE04EC0-301F-11D3-BF4B-00C04F79EFBC}") = "EduHome.Core", "EduHome.Core\EduHome.Core.csproj", "{8BC53B61-7154-4BD9-B3CF-A499F44AE07A}"
EndProject
Global
	GlobalSection(SolutionConfigurationPlatforms) = preSolution
		Debug|Any CPU = Debug|Any CPU
		Release|Any CPU = Release|Any CPU
	EndGlobalSection
	GlobalSection(ProjectConfigurationPlatforms) = postSolution
		{8E61E7A5-945B-4D6C-8E7A-7D6FDD8A8540}.Debug|Any CPU.ActiveCfg = Debug|Any CPU
		{8E61E7A5-945B-4D6C-8E7A-7D6FDD8A8540}.Debug|Any CPU.Build.0 = Debug|Any CPU
		{8E61E7A5-945B-4D6C-8E7A-7D6FDD8A8540}.Release|Any CPU.ActiveCfg = Release|Any CPU
		{8E61E7A5-945B-4D6C-8E7A-7D6FDD8A8540}.Release|Any CPU.Build.0 = Release|Any CPU
		{8BC53B61-7154-4BD9-B3CF-A499F44AE07A}.Debug|Any CPU.ActiveCfg = Debug|Any CPU
		{8BC53B61-7154-4BD9-B3CF-A499F44AE07A}.Debug|Any CPU.Build.0 = Debug|Any CPU
		{8BC53B61-7154-4BD9-B3CF-A499F44AE07A}.Release|Any CPU.ActiveCfg = Release|Any CPU
		{8BC53B61-7154-4BD9-B3CF-A499F44AE07A}.Release|Any CPU.Build.0 = Release|Any CPU
	EndGlobalSection
	GlobalSection(SolutionProperties) = preSolution
		HideSolutionNode = FALSE
	EndGlobalSection
	GlobalSection(ExtensibilityGlobals) = postSolution
		SolutionGuid = {CB92211D-635C-4116-9861-B30A2AD00D21}
	EndGlobalSection
EndGlobal
